PODS:
  - arcgis_maps_ffi (200.7.0.4560)
  - Flutter (1.0.0)
  - MapLibre (6.5.0)
  - maplibre_gl (0.0.1):
    - Flutter
    - MapLibre (= 6.5.0)
  - Runtimecore (200.7.0.4560)

DEPENDENCIES:
  - arcgis_maps_ffi (from `../arcgis_maps_core/ios/arcgis_maps_ffi.podspec`)
  - Flutter (from `Flutter`)
  - maplibre_gl (from `.symlinks/plugins/maplibre_gl/ios`)
  - Runtimecore (from `../arcgis_maps_core/ios/Runtimecore.podspec`)

SPEC REPOS:
  trunk:
    - MapLibre

EXTERNAL SOURCES:
  arcgis_maps_ffi:
    :podspec: "../arcgis_maps_core/ios/arcgis_maps_ffi.podspec"
  Flutter:
    :path: Flutter
  maplibre_gl:
    :path: ".symlinks/plugins/maplibre_gl/ios"
  Runtimecore:
    :podspec: "../arcgis_maps_core/ios/Runtimecore.podspec"

SPEC CHECKSUMS:
  arcgis_maps_ffi: a1adcb76ff6d8893f6233e4acc8a9c571f4762f6
  Flutter: e0871f40cf51350855a761d2e70bf5af5b9b5de7
  MapLibre: 0ebfa9329d313cec8bf0a5ba5a336a1dc903785e
  maplibre_gl: eab61cca6e1cfa9187249bacd3f08b51e8cd8ae9
  Runtimecore: 95c1568d9218d41fedcb2cc345f52f9f2d4de4f2

PODFILE CHECKSUM: 214287d9887ad5795656eeafa93720a1ca5b8ce4

COCOAPODS: 1.16.2
